
Microsoft Visual Studio Solution File, Format Version 12.00
# Visual Studio Version 17
VisualStudioVersion = 17.14.36310.24 d17.14
MinimumVisualStudioVersion = 10.0.40219.1
Project("{FAE04EC0-301F-11D3-BF4B-00C04F79EFBC}") = "ISP.Presentation", "ISP.Presentation\ISP.Presentation.csproj", "{B2B464DF-45CE-4E84-BF20-38E00EAC83E7}"
EndProject
Project("{FAE04EC0-301F-11D3-BF4B-00C04F79EFBC}") = "ISP.DataAccess", "ISP.DataAccess\ISP.DataAccess.csproj", "{4671228D-9619-4DCB-B3BB-6132EAC9DF74}"
EndProject
Project("{FAE04EC0-301F-11D3-BF4B-00C04F79EFBC}") = "ISP.BusinessLogic", "ISP.BusinessLogic\ISP.BusinessLogic.csproj", "{30A42BF9-14D6-4912-9303-2438DA619019}"
EndProject
Global
	GlobalSection(SolutionConfigurationPlatforms) = preSolution
		Debug|Any CPU = Debug|Any CPU
		Release|Any CPU = Release|Any CPU
	EndGlobalSection
	GlobalSection(ProjectConfigurationPlatforms) = postSolution
		{B2B464DF-45CE-4E84-BF20-38E00EAC83E7}.Debug|Any CPU.ActiveCfg = Debug|Any CPU
		{B2B464DF-45CE-4E84-BF20-38E00EAC83E7}.Debug|Any CPU.Build.0 = Debug|Any CPU
		{B2B464DF-45CE-4E84-BF20-38E00EAC83E7}.Release|Any CPU.ActiveCfg = Release|Any CPU
		{B2B464DF-45CE-4E84-BF20-38E00EAC83E7}.Release|Any CPU.Build.0 = Release|Any CPU
		{4671228D-9619-4DCB-B3BB-6132EAC9DF74}.Debug|Any CPU.ActiveCfg = Debug|Any CPU
		{4671228D-9619-4DCB-B3BB-6132EAC9DF74}.Debug|Any CPU.Build.0 = Debug|Any CPU
		{4671228D-9619-4DCB-B3BB-6132EAC9DF74}.Release|Any CPU.ActiveCfg = Release|Any CPU
		{4671228D-9619-4DCB-B3BB-6132EAC9DF74}.Release|Any CPU.Build.0 = Release|Any CPU
		{30A42BF9-14D6-4912-9303-2438DA619019}.Debug|Any CPU.ActiveCfg = Debug|Any CPU
		{30A42BF9-14D6-4912-9303-2438DA619019}.Debug|Any CPU.Build.0 = Debug|Any CPU
		{30A42BF9-14D6-4912-9303-2438DA619019}.Release|Any CPU.ActiveCfg = Release|Any CPU
		{30A42BF9-14D6-4912-9303-2438DA619019}.Release|Any CPU.Build.0 = Release|Any CPU
	EndGlobalSection
	GlobalSection(SolutionProperties) = preSolution
		HideSolutionNode = FALSE
	EndGlobalSection
	GlobalSection(ExtensibilityGlobals) = postSolution
		SolutionGuid = {5FE64F67-9F4B-4E38-AFFF-2852D46ECF7A}
	EndGlobalSection
EndGlobal
